
Microsoft Visual Studio Solution File, Format Version 12.00
# Visual Studio 15
Project("{FAE04EC0-301F-11D3-BF4B-00C04F79EFBC}") = "Unity.Timeline", "Unity.Timeline.csproj", "{8130133F-B04F-A7AD-7F06-6C410889A862}"
EndProject
Project("{FAE04EC0-301F-11D3-BF4B-00C04F79EFBC}") = "Unity.Timeline.Editor", "Unity.Timeline.Editor.csproj", "{B895BA62-DBF1-640D-A84E-9F6857DDD251}"
EndProject
Project("{FAE04EC0-301F-11D3-BF4B-00C04F79EFBC}") = "UnityEngine.Advertisements.Editor", "UnityEngine.Advertisements.Editor.csproj", "{D58AD379-E2A7-30E2-22ED-B7239BDC9B7C}"
EndProject
Project("{FAE04EC0-301F-11D3-BF4B-00C04F79EFBC}") = "Unity.TextMeshPro.Editor", "Unity.TextMeshPro.Editor.csproj", "{AA193DBD-4B2A-6829-1841-DA6A66BA77BF}"
EndProject
Project("{FAE04EC0-301F-11D3-BF4B-00C04F79EFBC}") = "Unity.2D.Tilemap.Editor", "Unity.2D.Tilemap.Editor.csproj", "{CA04D980-0774-AEB7-5E4A-5BDBA61D8725}"
EndProject
Project("{FAE04EC0-301F-11D3-BF4B-00C04F79EFBC}") = "Unity.Services.Core.Internal", "Unity.Services.Core.Internal.csproj", "{2DC0AD44-27C2-A1EF-8EAE-BA51BA42F301}"
EndProject
Project("{FAE04EC0-301F-11D3-BF4B-00C04F79EFBC}") = "Unity.VisualScripting.Flow", "Unity.VisualScripting.Flow.csproj", "{F6987C5F-2952-FC61-7F1B-86495DA43B39}"
EndProject
Project("{FAE04EC0-301F-11D3-BF4B-00C04F79EFBC}") = "UnityEditor.UI", "UnityEditor.UI.csproj", "{43B6A38F-6E1A-46EC-987E-4F66761ECD1C}"
EndProject
Project("{FAE04EC0-301F-11D3-BF4B-00C04F79EFBC}") = "Unity.PlasticSCM.Editor", "Unity.PlasticSCM.Editor.csproj", "{CB6DE9AB-BD6A-E960-CF9B-052879C51DD7}"
EndProject
Project("{FAE04EC0-301F-11D3-BF4B-00C04F79EFBC}") = "UnityEditor.Purchasing", "UnityEditor.Purchasing.csproj", "{210592ED-444E-2048-61B8-1BA1CB5223DE}"
EndProject
Project("{FAE04EC0-301F-11D3-BF4B-00C04F79EFBC}") = "Unity.VisualScripting.Core", "Unity.VisualScripting.Core.csproj", "{979FCC36-ECC3-3627-1C39-BB8F90EE17DF}"
EndProject
Project("{FAE04EC0-301F-11D3-BF4B-00C04F79EFBC}") = "Unity.VisualScripting.Core.Editor", "Unity.VisualScripting.Core.Editor.csproj", "{54395104-5A09-A12E-05E3-5DE17C714B62}"
EndProject
Project("{FAE04EC0-301F-11D3-BF4B-00C04F79EFBC}") = "UnityEngine.Purchasing.Stores", "UnityEngine.Purchasing.Stores.csproj", "{73F35634-E84A-2BA4-32C2-79C3EA0EACCC}"
EndProject
Project("{FAE04EC0-301F-11D3-BF4B-00C04F79EFBC}") = "UnityEngine.Purchasing", "UnityEngine.Purchasing.csproj", "{289B4721-DDCF-AD49-DD46-F3B1B7523E7D}"
EndProject
Project("{FAE04EC0-301F-11D3-BF4B-00C04F79EFBC}") = "UnityEngine.Advertisements", "UnityEngine.Advertisements.csproj", "{A65E4EF7-DC7B-89C0-365D-E180B1379072}"
EndProject
Project("{FAE04EC0-301F-11D3-BF4B-00C04F79EFBC}") = "Unity.VisualScripting.Flow.Editor", "Unity.VisualScripting.Flow.Editor.csproj", "{C1836AA4-F164-1D48-42A3-F138F49ED001}"
EndProject
Project("{FAE04EC0-301F-11D3-BF4B-00C04F79EFBC}") = "Unity.Services.Analytics", "Unity.Services.Analytics.csproj", "{F1C6E3D3-6C18-E49F-FD18-E6BAF78B9321}"
EndProject
Project("{FAE04EC0-301F-11D3-BF4B-00C04F79EFBC}") = "UnityEngine.Advertisements.DevX.Editor", "UnityEngine.Advertisements.DevX.Editor.csproj", "{905EC28C-5257-3410-850D-321757634991}"
EndProject
Project("{FAE04EC0-301F-11D3-BF4B-00C04F79EFBC}") = "UnityEditor.TestRunner", "UnityEditor.TestRunner.csproj", "{AEBEE14C-4AC4-310E-B8C0-E151238C481D}"
EndProject
Project("{FAE04EC0-301F-11D3-BF4B-00C04F79EFBC}") = "Unity.VisualScripting.SettingsProvider.Editor", "Unity.VisualScripting.SettingsProvider.Editor.csproj", "{117DF32A-E987-F403-A5AB-A863E68C5A6A}"
EndProject
Project("{FAE04EC0-301F-11D3-BF4B-00C04F79EFBC}") = "UnityEngine.TestRunner", "UnityEngine.TestRunner.csproj", "{05C40312-472B-4A0A-B740-F85FA5BDB2D0}"
EndProject
Project("{FAE04EC0-301F-11D3-BF4B-00C04F79EFBC}") = "Assembly-CSharp", "Assembly-CSharp.csproj", "{3430B17E-7AF3-F2DB-F563-AAC94E6AA8F4}"
EndProject
Project("{FAE04EC0-301F-11D3-BF4B-00C04F79EFBC}") = "Unity.Services.Core.Environments.Editor", "Unity.Services.Core.Environments.Editor.csproj", "{B34F353B-0C36-48EE-20B3-62158BCB50DC}"
EndProject
Project("{FAE04EC0-301F-11D3-BF4B-00C04F79EFBC}") = "Unity.Services.Core.Editor", "Unity.Services.Core.Editor.csproj", "{04D0B7C2-031D-D8A0-D8EA-0C2E7E3E92B7}"
EndProject
Project("{FAE04EC0-301F-11D3-BF4B-00C04F79EFBC}") = "UnityEngine.UI", "UnityEngine.UI.csproj", "{4174C2C8-ECAC-7B83-4BE5-8DE5C0CA6C03}"
EndProject
Project("{FAE04EC0-301F-11D3-BF4B-00C04F79EFBC}") = "Unity.AI.Navigation.Editor", "Unity.AI.Navigation.Editor.csproj", "{9E79542C-89C3-FE87-B844-50333C0EC4B9}"
EndProject
Project("{FAE04EC0-301F-11D3-BF4B-00C04F79EFBC}") = "Unity.VisualStudio.Editor", "Unity.VisualStudio.Editor.csproj", "{BCC97B5B-C738-1073-9CFC-E9E8CCF4D0D0}"
EndProject
Project("{FAE04EC0-301F-11D3-BF4B-00C04F79EFBC}") = "Unity.TestTools.CodeCoverage.Editor.OpenCover.Model", "Unity.TestTools.CodeCoverage.Editor.OpenCover.Model.csproj", "{E219B3B5-1AD4-6E4C-77A4-F27AE8EF7DA6}"
EndProject
Project("{FAE04EC0-301F-11D3-BF4B-00C04F79EFBC}") = "Unity.Rider.Editor", "Unity.Rider.Editor.csproj", "{9FB4F3AF-CC8D-830B-18E4-9051648D2FA3}"
EndProject
Project("{FAE04EC0-301F-11D3-BF4B-00C04F79EFBC}") = "Unity.Services.Core.Environments.Internal", "Unity.Services.Core.Environments.Internal.csproj", "{A0D5BD72-E2ED-EC90-40D7-5A25238C60A7}"
EndProject
Project("{FAE04EC0-301F-11D3-BF4B-00C04F79EFBC}") = "Assembly-CSharp-Editor", "Assembly-CSharp-Editor.csproj", "{4DB7BFA8-0F90-B598-4986-D3DEB8535FFC}"
EndProject
Project("{FAE04EC0-301F-11D3-BF4B-00C04F79EFBC}") = "Unity.Services.Core.Telemetry", "Unity.Services.Core.Telemetry.csproj", "{4B27FF6A-D87D-1409-BED2-02C9C10DF4C5}"
EndProject
Project("{FAE04EC0-301F-11D3-BF4B-00C04F79EFBC}") = "Unity.AI.Navigation", "Unity.AI.Navigation.csproj", "{5F2A2E39-F4D6-EE7C-A72A-840D4DEF796E}"
EndProject
Project("{FAE04EC0-301F-11D3-BF4B-00C04F79EFBC}") = "UnityEngine.Purchasing.Codeless", "UnityEngine.Purchasing.Codeless.csproj", "{DB3CC295-9FF0-076B-D51F-CEA4C2BD273A}"
EndProject
Project("{FAE04EC0-301F-11D3-BF4B-00C04F79EFBC}") = "Unity.Services.Core.Configuration", "Unity.Services.Core.Configuration.csproj", "{7965730E-A858-E520-E30F-0B47FE6A7D1F}"
EndProject
Project("{FAE04EC0-301F-11D3-BF4B-00C04F79EFBC}") = "Unity.AI.Navigation.Editor.ConversionSystem", "Unity.AI.Navigation.Editor.ConversionSystem.csproj", "{0E96667A-835E-3A5C-B1F5-FE7FB5025AAE}"
EndProject
Project("{FAE04EC0-301F-11D3-BF4B-00C04F79EFBC}") = "Unity.VisualScripting.State.Editor", "Unity.VisualScripting.State.Editor.csproj", "{BD5E95EA-0D31-4B41-CD6B-8E44D333C1DA}"
EndProject
Project("{FAE04EC0-301F-11D3-BF4B-00C04F79EFBC}") = "UnityEditor.XR.LegacyInputHelpers", "UnityEditor.XR.LegacyInputHelpers.csproj", "{54805F3B-82B6-479B-141B-9F2B9DDD1F26}"
EndProject
Project("{FAE04EC0-301F-11D3-BF4B-00C04F79EFBC}") = "Unity.TestTools.CodeCoverage.Editor", "Unity.TestTools.CodeCoverage.Editor.csproj", "{F344027C-98C0-B4A5-19C8-F17B4A7B0CC0}"
EndProject
Project("{FAE04EC0-301F-11D3-BF4B-00C04F79EFBC}") = "Unity.Services.Core.Configuration.Editor", "Unity.Services.Core.Configuration.Editor.csproj", "{77C2B519-CEBA-9379-9F2D-9787604BA7BF}"
EndProject
Project("{FAE04EC0-301F-11D3-BF4B-00C04F79EFBC}") = "Unity.Services.Core", "Unity.Services.Core.csproj", "{55FC166C-E7DB-C78C-7E3D-A284A12BB348}"
EndProject
Project("{FAE04EC0-301F-11D3-BF4B-00C04F79EFBC}") = "Unity.VisualScripting.State", "Unity.VisualScripting.State.csproj", "{1DDDCAD8-A7AE-10F5-5246-459BEDE05A6B}"
EndProject
Project("{FAE04EC0-301F-11D3-BF4B-00C04F79EFBC}") = "Unity.TextMeshPro", "Unity.TextMeshPro.csproj", "{43A7A39A-C4B8-83A4-6C36-732C2424F4A3}"
EndProject
Project("{FAE04EC0-301F-11D3-BF4B-00C04F79EFBC}") = "Unity.Services.Core.Networking", "Unity.Services.Core.Networking.csproj", "{34550F00-1058-4654-41D1-059147FCA79B}"
EndProject
Project("{FAE04EC0-301F-11D3-BF4B-00C04F79EFBC}") = "Unity.Performance.Profile-Analyzer.Editor", "Unity.Performance.Profile-Analyzer.Editor.csproj", "{3891E13C-F8A2-E2F0-6CA9-30C5CD13CAE4}"
EndProject
Project("{FAE04EC0-301F-11D3-BF4B-00C04F79EFBC}") = "Unity.Services.Core.Scheduler", "Unity.Services.Core.Scheduler.csproj", "{53AB47E6-ADC0-7B51-2289-A867F1C78877}"
EndProject
Project("{FAE04EC0-301F-11D3-BF4B-00C04F79EFBC}") = "ToonyColorsPro.Demo.Editor", "ToonyColorsPro.Demo.Editor.csproj", "{BFE24430-D4B0-AD04-990D-CE37D4A2924E}"
EndProject
Project("{FAE04EC0-301F-11D3-BF4B-00C04F79EFBC}") = "Unity.Services.Analytics.Editor", "Unity.Services.Analytics.Editor.csproj", "{F0F55004-8622-96C0-902E-16CF45FA0E45}"
EndProject
Project("{FAE04EC0-301F-11D3-BF4B-00C04F79EFBC}") = "Unity.VSCode.Editor", "Unity.VSCode.Editor.csproj", "{A8C1F3D4-0E22-7E40-B6BB-BFE3395744D4}"
EndProject
Project("{FAE04EC0-301F-11D3-BF4B-00C04F79EFBC}") = "Unity.TestTools.CodeCoverage.Editor.OpenCover.Mono.Reflection", "Unity.TestTools.CodeCoverage.Editor.OpenCover.Mono.Reflection.csproj", "{BF6F3D59-72AA-B7D6-9C94-128C4E5E9DC2}"
EndProject
Project("{FAE04EC0-301F-11D3-BF4B-00C04F79EFBC}") = "Unity.2D.Sprite.Editor", "Unity.2D.Sprite.Editor.csproj", "{1C06B9C1-D437-DE3C-D4D8-647AC03CA610}"
EndProject
Project("{FAE04EC0-301F-11D3-BF4B-00C04F79EFBC}") = "CFXRRuntime", "CFXRRuntime.csproj", "{9DD5F692-D963-98C9-3047-33C5CC92A30D}"
EndProject
Project("{FAE04EC0-301F-11D3-BF4B-00C04F79EFBC}") = "UnityEngine.Purchasing.AppleMacosStub", "UnityEngine.Purchasing.AppleMacosStub.csproj", "{2814DF61-9A49-94DF-EC44-0F142E7B8D3E}"
EndProject
Project("{FAE04EC0-301F-11D3-BF4B-00C04F79EFBC}") = "Unity.AI.Navigation.Updater", "Unity.AI.Navigation.Updater.csproj", "{36F1E389-BC24-C4CD-0F1F-48F3BE3DCC74}"
EndProject
Project("{FAE04EC0-301F-11D3-BF4B-00C04F79EFBC}") = "UnityEditor.SpatialTracking", "UnityEditor.SpatialTracking.csproj", "{A2FAB390-AAFD-F14D-03B3-533190DAA9CC}"
EndProject
Project("{FAE04EC0-301F-11D3-BF4B-00C04F79EFBC}") = "CFXRDemo", "CFXRDemo.csproj", "{CDFAD865-E7B8-0E98-1EBE-D174F2CDAD6E}"
EndProject
Project("{FAE04EC0-301F-11D3-BF4B-00C04F79EFBC}") = "Unity.Analytics.DataPrivacy", "Unity.Analytics.DataPrivacy.csproj", "{EA500E53-F887-0DE2-2427-D17E3987CBE8}"
EndProject
Project("{FAE04EC0-301F-11D3-BF4B-00C04F79EFBC}") = "UnityEngine.Purchasing.SecurityStub", "UnityEngine.Purchasing.SecurityStub.csproj", "{7A5DBE3E-65E5-0584-3A47-34A367BC5653}"
EndProject
Project("{FAE04EC0-301F-11D3-BF4B-00C04F79EFBC}") = "Unity.Settings.Editor", "Unity.Settings.Editor.csproj", "{7B1A18C2-5AA2-9617-28BE-C7EDA10C4ABD}"
EndProject
Project("{FAE04EC0-301F-11D3-BF4B-00C04F79EFBC}") = "Unity.Services.Core.Registration", "Unity.Services.Core.Registration.csproj", "{09A5C88F-A304-0FAE-DFF4-CAED20DC6D35}"
EndProject
Project("{FAE04EC0-301F-11D3-BF4B-00C04F79EFBC}") = "UnityEngine.Purchasing.SecurityCore", "UnityEngine.Purchasing.SecurityCore.csproj", "{37391E4D-24FC-BE04-2ACE-5E084E7A2944}"
EndProject
Project("{FAE04EC0-301F-11D3-BF4B-00C04F79EFBC}") = "UnityEngine.Purchasing.WinRTStub", "UnityEngine.Purchasing.WinRTStub.csproj", "{7B446516-C472-1E6C-6309-D422D4E26FFE}"
EndProject
Project("{FAE04EC0-301F-11D3-BF4B-00C04F79EFBC}") = "Unity.Services.Core.Analytics", "Unity.Services.Core.Analytics.csproj", "{FD09E5BE-B5D9-96A9-9578-6A41AEBB6566}"
EndProject
Project("{FAE04EC0-301F-11D3-BF4B-00C04F79EFBC}") = "UnityEngine.SpatialTracking", "UnityEngine.SpatialTracking.csproj", "{6FE53CC8-38C9-CB65-1157-B39BFFF10119}"
EndProject
Project("{FAE04EC0-301F-11D3-BF4B-00C04F79EFBC}") = "Unity.Services.Core.Threading", "Unity.Services.Core.Threading.csproj", "{65D3929A-147C-2846-15AF-C737CD37C130}"
EndProject
Project("{FAE04EC0-301F-11D3-BF4B-00C04F79EFBC}") = "UnityEngine.Purchasing.AppleStub", "UnityEngine.Purchasing.AppleStub.csproj", "{2E39E279-50D0-73B0-8B3E-FAA26E2EFC99}"
EndProject
Project("{FAE04EC0-301F-11D3-BF4B-00C04F79EFBC}") = "CFXREditor", "CFXREditor.csproj", "{52EA1969-A02D-EA26-2281-0D4955CA4FDD}"
EndProject
Project("{FAE04EC0-301F-11D3-BF4B-00C04F79EFBC}") = "Unity.EditorCoroutines.Editor", "Unity.EditorCoroutines.Editor.csproj", "{E8F73169-3CE3-4213-37A1-9A77546C5AE4}"
EndProject
Project("{FAE04EC0-301F-11D3-BF4B-00C04F79EFBC}") = "Unity.Services.Core.Device", "Unity.Services.Core.Device.csproj", "{5E987D1B-544E-5633-E5D4-490E5B2EEBF7}"
EndProject
Project("{FAE04EC0-301F-11D3-BF4B-00C04F79EFBC}") = "KinoBloom.Runtime", "KinoBloom.Runtime.csproj", "{BBDE9AE2-E81D-E9E6-9115-1828B36DEC39}"
EndProject
Project("{FAE04EC0-301F-11D3-BF4B-00C04F79EFBC}") = "UnityEngine.Purchasing.WinRTCore", "UnityEngine.Purchasing.WinRTCore.csproj", "{14111E19-B7B9-D86B-659C-619528A6B1C6}"
EndProject
Project("{FAE04EC0-301F-11D3-BF4B-00C04F79EFBC}") = "Purchasing.Common", "Purchasing.Common.csproj", "{045DD726-154D-0E78-5BDE-A0BAE3037ADE}"
EndProject
Project("{FAE04EC0-301F-11D3-BF4B-00C04F79EFBC}") = "Unity.Services.Core.Environments", "Unity.Services.Core.Environments.csproj", "{AE6A67A0-B453-E6E0-BC4D-FEDEC4944947}"
EndProject
Project("{FAE04EC0-301F-11D3-BF4B-00C04F79EFBC}") = "UnityEngine.XR.LegacyInputHelpers", "UnityEngine.XR.LegacyInputHelpers.csproj", "{4E97E380-C078-68DC-8041-FB57204AB728}"
EndProject
Project("{FAE04EC0-301F-11D3-BF4B-00C04F79EFBC}") = "UnityEngine.Purchasing.AppleCore", "UnityEngine.Purchasing.AppleCore.csproj", "{8E1630D4-EF7F-1E93-2A85-E5B90072EED5}"
EndProject
Project("{FAE04EC0-301F-11D3-BF4B-00C04F79EFBC}") = "Unity.VisualScripting.Shared.Editor", "Unity.VisualScripting.Shared.Editor.csproj", "{3E07EF95-FAF1-9176-5AB9-AC2E72C21C75}"
EndProject
Project("{FAE04EC0-301F-11D3-BF4B-00C04F79EFBC}") = "Unity.CollabProxy.Editor", "Unity.CollabProxy.Editor.csproj", "{67F18BFB-72AD-8085-6B34-4C8D02656533}"
EndProject
Project("{FAE04EC0-301F-11D3-BF4B-00C04F79EFBC}") = "CFXR.WelcomeScreen", "CFXR.WelcomeScreen.csproj", "{D91CD352-CB68-FEA6-0648-5E8A2EB304DE}"
EndProject
Project("{FAE04EC0-301F-11D3-BF4B-00C04F79EFBC}") = "Analytics", "Analytics.csproj", "{CBBC08A4-A1F6-80F1-D967-7858D53A66AC}"
EndProject
Project("{FAE04EC0-301F-11D3-BF4B-00C04F79EFBC}") = "Unity.Timeline", "Unity.Timeline.Player.csproj", "{D4F4C5F7-63B5-3026-7EF5-606460EC98E0}"
EndProject
Project("{FAE04EC0-301F-11D3-BF4B-00C04F79EFBC}") = "Unity.Services.Core.Internal", "Unity.Services.Core.Internal.Player.csproj", "{91DAD261-ABAA-2F05-D3FD-7AD3C694AE20}"
EndProject
Project("{FAE04EC0-301F-11D3-BF4B-00C04F79EFBC}") = "Unity.VisualScripting.Flow", "Unity.VisualScripting.Flow.Player.csproj", "{0D231536-6145-568C-457B-25C6898DA3A4}"
EndProject
Project("{FAE04EC0-301F-11D3-BF4B-00C04F79EFBC}") = "Unity.VisualScripting.Core", "Unity.VisualScripting.Core.Player.csproj", "{A15E40C1-847A-AD9A-1833-F244BF8AEE63}"
EndProject
Project("{FAE04EC0-301F-11D3-BF4B-00C04F79EFBC}") = "UnityEngine.Purchasing.Stores", "UnityEngine.Purchasing.Stores.Player.csproj", "{C5202FAA-8E2B-2719-34D2-5887954A7055}"
EndProject
Project("{FAE04EC0-301F-11D3-BF4B-00C04F79EFBC}") = "UnityEngine.Purchasing", "UnityEngine.Purchasing.Player.csproj", "{B520FFBC-0FF0-5F74-F756-61E0F9A04CAB}"
EndProject
Project("{FAE04EC0-301F-11D3-BF4B-00C04F79EFBC}") = "UnityEngine.Advertisements", "UnityEngine.Advertisements.Player.csproj", "{CC9A4B45-0094-F853-9C37-E12AD3499D0F}"
EndProject
Project("{FAE04EC0-301F-11D3-BF4B-00C04F79EFBC}") = "Unity.Services.Analytics", "Unity.Services.Analytics.Player.csproj", "{896E6715-1F83-00F7-7543-C3FE73975E7B}"
EndProject
Project("{FAE04EC0-301F-11D3-BF4B-00C04F79EFBC}") = "UnityEngine.TestRunner", "UnityEngine.TestRunner.Player.csproj", "{E1078F82-2D83-0B20-7CE0-2A09C8634F71}"
EndProject
Project("{FAE04EC0-301F-11D3-BF4B-00C04F79EFBC}") = "Assembly-CSharp", "Assembly-CSharp.Player.csproj", "{6BB071F2-CA0E-CD5B-F001-7039386973B0}"
EndProject
Project("{FAE04EC0-301F-11D3-BF4B-00C04F79EFBC}") = "UnityEngine.UI", "UnityEngine.UI.Player.csproj", "{0C428210-6937-16E3-5DCE-F01151946A67}"
EndProject
Project("{FAE04EC0-301F-11D3-BF4B-00C04F79EFBC}") = "Unity.Services.Core.Environments.Internal", "Unity.Services.Core.Environments.Internal.Player.csproj", "{9C2422F5-4608-364E-5774-1DE67CCA44AF}"
EndProject
Project("{FAE04EC0-301F-11D3-BF4B-00C04F79EFBC}") = "Unity.Services.Core.Telemetry", "Unity.Services.Core.Telemetry.Player.csproj", "{303A83F9-93C2-DB1F-CD99-8D507E7986A1}"
EndProject
Project("{FAE04EC0-301F-11D3-BF4B-00C04F79EFBC}") = "Unity.AI.Navigation", "Unity.AI.Navigation.Player.csproj", "{A9338309-FABB-2577-5494-403B72A1CBB6}"
EndProject
Project("{FAE04EC0-301F-11D3-BF4B-00C04F79EFBC}") = "UnityEngine.Purchasing.Codeless", "UnityEngine.Purchasing.Codeless.Player.csproj", "{2CF1169B-54C4-6D0D-44FB-967DA562A770}"
EndProject
Project("{FAE04EC0-301F-11D3-BF4B-00C04F79EFBC}") = "Unity.Services.Core.Configuration", "Unity.Services.Core.Configuration.Player.csproj", "{134CFCD9-ED0A-E7E0-4B09-5E24B33E9856}"
EndProject
Project("{FAE04EC0-301F-11D3-BF4B-00C04F79EFBC}") = "Unity.Services.Core", "Unity.Services.Core.Player.csproj", "{253F5B48-7953-9C4F-6571-7A93F7AC390A}"
EndProject
Project("{FAE04EC0-301F-11D3-BF4B-00C04F79EFBC}") = "Unity.VisualScripting.State", "Unity.VisualScripting.State.Player.csproj", "{61418FD0-5F6D-6689-101B-80A0E5E32A14}"
EndProject
Project("{FAE04EC0-301F-11D3-BF4B-00C04F79EFBC}") = "Unity.TextMeshPro", "Unity.TextMeshPro.Player.csproj", "{EA11EA36-DD70-5CB8-AB6C-B4D39854269C}"
EndProject
Project("{FAE04EC0-301F-11D3-BF4B-00C04F79EFBC}") = "Unity.Services.Core.Networking", "Unity.Services.Core.Networking.Player.csproj", "{F3D5820B-8C78-B416-CBED-45A4BDE6693F}"
EndProject
Project("{FAE04EC0-301F-11D3-BF4B-00C04F79EFBC}") = "Unity.Services.Core.Scheduler", "Unity.Services.Core.Scheduler.Player.csproj", "{6A21944A-5AFC-7CE6-9531-6A49879F79C8}"
EndProject
Project("{FAE04EC0-301F-11D3-BF4B-00C04F79EFBC}") = "CFXRRuntime", "CFXRRuntime.Player.csproj", "{895F2627-3679-8364-F480-7D747B2B1246}"
EndProject
Project("{FAE04EC0-301F-11D3-BF4B-00C04F79EFBC}") = "UnityEngine.Purchasing.AppleMacosStub", "UnityEngine.Purchasing.AppleMacosStub.Player.csproj", "{CC8F460E-800B-5314-2F45-1F90D1068EC2}"
EndProject
Project("{FAE04EC0-301F-11D3-BF4B-00C04F79EFBC}") = "CFXRDemo", "CFXRDemo.Player.csproj", "{D8083259-7C1D-BA1A-A3D1-DF0AADF94710}"
EndProject
Project("{FAE04EC0-301F-11D3-BF4B-00C04F79EFBC}") = "Unity.Analytics.DataPrivacy", "Unity.Analytics.DataPrivacy.Player.csproj", "{17E79C7B-B8E6-EEDD-B6B0-A30A514FF0EF}"
EndProject
Project("{FAE04EC0-301F-11D3-BF4B-00C04F79EFBC}") = "UnityEngine.Purchasing.SecurityStub", "UnityEngine.Purchasing.SecurityStub.Player.csproj", "{1D3D09C9-A6D2-C84E-C398-F93DCA83B97A}"
EndProject
Project("{FAE04EC0-301F-11D3-BF4B-00C04F79EFBC}") = "Unity.Services.Core.Registration", "Unity.Services.Core.Registration.Player.csproj", "{45E65C7A-A70C-DFEE-512D-D506FE49ADA9}"
EndProject
Project("{FAE04EC0-301F-11D3-BF4B-00C04F79EFBC}") = "UnityEngine.Purchasing.SecurityCore", "UnityEngine.Purchasing.SecurityCore.Player.csproj", "{45BA1316-A93A-FBC1-ECB5-4A001EAD4364}"
EndProject
Project("{FAE04EC0-301F-11D3-BF4B-00C04F79EFBC}") = "UnityEngine.Purchasing.WinRTStub", "UnityEngine.Purchasing.WinRTStub.Player.csproj", "{A4DFE7E4-2BC7-BE32-87DC-CDE3A2AEEDDC}"
EndProject
Project("{FAE04EC0-301F-11D3-BF4B-00C04F79EFBC}") = "Unity.Services.Core.Analytics", "Unity.Services.Core.Analytics.Player.csproj", "{97E37C4A-0B4E-BBD4-FA30-90FAA9442C91}"
EndProject
Project("{FAE04EC0-301F-11D3-BF4B-00C04F79EFBC}") = "UnityEngine.SpatialTracking", "UnityEngine.SpatialTracking.Player.csproj", "{60B08630-9339-B925-917C-322ABEF2C3E8}"
EndProject
Project("{FAE04EC0-301F-11D3-BF4B-00C04F79EFBC}") = "Unity.Services.Core.Threading", "Unity.Services.Core.Threading.Player.csproj", "{6ED10325-4359-B7C1-91FE-4C239D344FC7}"
EndProject
Project("{FAE04EC0-301F-11D3-BF4B-00C04F79EFBC}") = "UnityEngine.Purchasing.AppleStub", "UnityEngine.Purchasing.AppleStub.Player.csproj", "{4F4D9A50-11AF-1698-EDE7-946488553D14}"
EndProject
Project("{FAE04EC0-301F-11D3-BF4B-00C04F79EFBC}") = "Unity.Services.Core.Device", "Unity.Services.Core.Device.Player.csproj", "{043F3835-110E-2A1C-297E-4CFFEB4FAA5F}"
EndProject
Project("{FAE04EC0-301F-11D3-BF4B-00C04F79EFBC}") = "KinoBloom.Runtime", "KinoBloom.Runtime.Player.csproj", "{FF754562-D271-593D-92E9-86E6ADDC2D34}"
EndProject
Project("{FAE04EC0-301F-11D3-BF4B-00C04F79EFBC}") = "UnityEngine.Purchasing.WinRTCore", "UnityEngine.Purchasing.WinRTCore.Player.csproj", "{6D01BCCD-BCA4-E656-DF84-EC862FAFD0BE}"
EndProject
Project("{FAE04EC0-301F-11D3-BF4B-00C04F79EFBC}") = "Purchasing.Common", "Purchasing.Common.Player.csproj", "{0DB46C12-1C45-C0DC-849F-DC40F3CD19BC}"
EndProject
Project("{FAE04EC0-301F-11D3-BF4B-00C04F79EFBC}") = "Unity.Services.Core.Environments", "Unity.Services.Core.Environments.Player.csproj", "{D92EE3D9-0A7E-100D-5F28-224F5D3F1C32}"
EndProject
Project("{FAE04EC0-301F-11D3-BF4B-00C04F79EFBC}") = "UnityEngine.XR.LegacyInputHelpers", "UnityEngine.XR.LegacyInputHelpers.Player.csproj", "{C5BF24C9-33A8-56E3-1C66-74267DF26D07}"
EndProject
Project("{FAE04EC0-301F-11D3-BF4B-00C04F79EFBC}") = "UnityEngine.Purchasing.AppleCore", "UnityEngine.Purchasing.AppleCore.Player.csproj", "{312CEB1F-F164-AF3B-0094-A25184415C8C}"
EndProject
Global
	GlobalSection(SolutionConfigurationPlatforms) = preSolution
		Debug|Any CPU = Debug|Any CPU
		Release|Any CPU = Release|Any CPU
	EndGlobalSection
	GlobalSection(ProjectConfigurationPlatforms) = postSolution
		{8130133F-B04F-A7AD-7F06-6C410889A862}.Debug|Any CPU.ActiveCfg = Debug|Any CPU
		{8130133F-B04F-A7AD-7F06-6C410889A862}.Debug|Any CPU.Build.0 = Debug|Any CPU
		{8130133F-B04F-A7AD-7F06-6C410889A862}.Release|Any CPU.ActiveCfg = Release|Any CPU
		{8130133F-B04F-A7AD-7F06-6C410889A862}.Release|Any CPU.Build.0 = Release|Any CPU
		{B895BA62-DBF1-640D-A84E-9F6857DDD251}.Debug|Any CPU.ActiveCfg = Debug|Any CPU
		{B895BA62-DBF1-640D-A84E-9F6857DDD251}.Debug|Any CPU.Build.0 = Debug|Any CPU
		{B895BA62-DBF1-640D-A84E-9F6857DDD251}.Release|Any CPU.ActiveCfg = Release|Any CPU
		{B895BA62-DBF1-640D-A84E-9F6857DDD251}.Release|Any CPU.Build.0 = Release|Any CPU
		{D58AD379-E2A7-30E2-22ED-B7239BDC9B7C}.Debug|Any CPU.ActiveCfg = Debug|Any CPU
		{D58AD379-E2A7-30E2-22ED-B7239BDC9B7C}.Debug|Any CPU.Build.0 = Debug|Any CPU
		{D58AD379-E2A7-30E2-22ED-B7239BDC9B7C}.Release|Any CPU.ActiveCfg = Release|Any CPU
		{D58AD379-E2A7-30E2-22ED-B7239BDC9B7C}.Release|Any CPU.Build.0 = Release|Any CPU
		{AA193DBD-4B2A-6829-1841-DA6A66BA77BF}.Debug|Any CPU.ActiveCfg = Debug|Any CPU
		{AA193DBD-4B2A-6829-1841-DA6A66BA77BF}.Debug|Any CPU.Build.0 = Debug|Any CPU
		{AA193DBD-4B2A-6829-1841-DA6A66BA77BF}.Release|Any CPU.ActiveCfg = Release|Any CPU
		{AA193DBD-4B2A-6829-1841-DA6A66BA77BF}.Release|Any CPU.Build.0 = Release|Any CPU
		{CA04D980-0774-AEB7-5E4A-5BDBA61D8725}.Debug|Any CPU.ActiveCfg = Debug|Any CPU
		{CA04D980-0774-AEB7-5E4A-5BDBA61D8725}.Debug|Any CPU.Build.0 = Debug|Any CPU
		{CA04D980-0774-AEB7-5E4A-5BDBA61D8725}.Release|Any CPU.ActiveCfg = Release|Any CPU
		{CA04D980-0774-AEB7-5E4A-5BDBA61D8725}.Release|Any CPU.Build.0 = Release|Any CPU
		{2DC0AD44-27C2-A1EF-8EAE-BA51BA42F301}.Debug|Any CPU.ActiveCfg = Debug|Any CPU
		{2DC0AD44-27C2-A1EF-8EAE-BA51BA42F301}.Debug|Any CPU.Build.0 = Debug|Any CPU
		{2DC0AD44-27C2-A1EF-8EAE-BA51BA42F301}.Release|Any CPU.ActiveCfg = Release|Any CPU
		{2DC0AD44-27C2-A1EF-8EAE-BA51BA42F301}.Release|Any CPU.Build.0 = Release|Any CPU
		{F6987C5F-2952-FC61-7F1B-86495DA43B39}.Debug|Any CPU.ActiveCfg = Debug|Any CPU
		{F6987C5F-2952-FC61-7F1B-86495DA43B39}.Debug|Any CPU.Build.0 = Debug|Any CPU
		{F6987C5F-2952-FC61-7F1B-86495DA43B39}.Release|Any CPU.ActiveCfg = Release|Any CPU
		{F6987C5F-2952-FC61-7F1B-86495DA43B39}.Release|Any CPU.Build.0 = Release|Any CPU
		{43B6A38F-6E1A-46EC-987E-4F66761ECD1C}.Debug|Any CPU.ActiveCfg = Debug|Any CPU
		{43B6A38F-6E1A-46EC-987E-4F66761ECD1C}.Debug|Any CPU.Build.0 = Debug|Any CPU
		{43B6A38F-6E1A-46EC-987E-4F66761ECD1C}.Release|Any CPU.ActiveCfg = Release|Any CPU
		{43B6A38F-6E1A-46EC-987E-4F66761ECD1C}.Release|Any CPU.Build.0 = Release|Any CPU
		{CB6DE9AB-BD6A-E960-CF9B-052879C51DD7}.Debug|Any CPU.ActiveCfg = Debug|Any CPU
		{CB6DE9AB-BD6A-E960-CF9B-052879C51DD7}.Debug|Any CPU.Build.0 = Debug|Any CPU
		{CB6DE9AB-BD6A-E960-CF9B-052879C51DD7}.Release|Any CPU.ActiveCfg = Release|Any CPU
		{CB6DE9AB-BD6A-E960-CF9B-052879C51DD7}.Release|Any CPU.Build.0 = Release|Any CPU
		{210592ED-444E-2048-61B8-1BA1CB5223DE}.Debug|Any CPU.ActiveCfg = Debug|Any CPU
		{210592ED-444E-2048-61B8-1BA1CB5223DE}.Debug|Any CPU.Build.0 = Debug|Any CPU
		{210592ED-444E-2048-61B8-1BA1CB5223DE}.Release|Any CPU.ActiveCfg = Release|Any CPU
		{210592ED-444E-2048-61B8-1BA1CB5223DE}.Release|Any CPU.Build.0 = Release|Any CPU
		{979FCC36-ECC3-3627-1C39-BB8F90EE17DF}.Debug|Any CPU.ActiveCfg = Debug|Any CPU
		{979FCC36-ECC3-3627-1C39-BB8F90EE17DF}.Debug|Any CPU.Build.0 = Debug|Any CPU
		{979FCC36-ECC3-3627-1C39-BB8F90EE17DF}.Release|Any CPU.ActiveCfg = Release|Any CPU
		{979FCC36-ECC3-3627-1C39-BB8F90EE17DF}.Release|Any CPU.Build.0 = Release|Any CPU
		{54395104-5A09-A12E-05E3-5DE17C714B62}.Debug|Any CPU.ActiveCfg = Debug|Any CPU
		{54395104-5A09-A12E-05E3-5DE17C714B62}.Debug|Any CPU.Build.0 = Debug|Any CPU
		{54395104-5A09-A12E-05E3-5DE17C714B62}.Release|Any CPU.ActiveCfg = Release|Any CPU
		{54395104-5A09-A12E-05E3-5DE17C714B62}.Release|Any CPU.Build.0 = Release|Any CPU
		{73F35634-E84A-2BA4-32C2-79C3EA0EACCC}.Debug|Any CPU.ActiveCfg = Debug|Any CPU
		{73F35634-E84A-2BA4-32C2-79C3EA0EACCC}.Debug|Any CPU.Build.0 = Debug|Any CPU
		{73F35634-E84A-2BA4-32C2-79C3EA0EACCC}.Release|Any CPU.ActiveCfg = Release|Any CPU
		{73F35634-E84A-2BA4-32C2-79C3EA0EACCC}.Release|Any CPU.Build.0 = Release|Any CPU
		{289B4721-DDCF-AD49-DD46-F3B1B7523E7D}.Debug|Any CPU.ActiveCfg = Debug|Any CPU
		{289B4721-DDCF-AD49-DD46-F3B1B7523E7D}.Debug|Any CPU.Build.0 = Debug|Any CPU
		{289B4721-DDCF-AD49-DD46-F3B1B7523E7D}.Release|Any CPU.ActiveCfg = Release|Any CPU
		{289B4721-DDCF-AD49-DD46-F3B1B7523E7D}.Release|Any CPU.Build.0 = Release|Any CPU
		{A65E4EF7-DC7B-89C0-365D-E180B1379072}.Debug|Any CPU.ActiveCfg = Debug|Any CPU
		{A65E4EF7-DC7B-89C0-365D-E180B1379072}.Debug|Any CPU.Build.0 = Debug|Any CPU
		{A65E4EF7-DC7B-89C0-365D-E180B1379072}.Release|Any CPU.ActiveCfg = Release|Any CPU
		{A65E4EF7-DC7B-89C0-365D-E180B1379072}.Release|Any CPU.Build.0 = Release|Any CPU
		{C1836AA4-F164-1D48-42A3-F138F49ED001}.Debug|Any CPU.ActiveCfg = Debug|Any CPU
		{C1836AA4-F164-1D48-42A3-F138F49ED001}.Debug|Any CPU.Build.0 = Debug|Any CPU
		{C1836AA4-F164-1D48-42A3-F138F49ED001}.Release|Any CPU.ActiveCfg = Release|Any CPU
		{C1836AA4-F164-1D48-42A3-F138F49ED001}.Release|Any CPU.Build.0 = Release|Any CPU
		{F1C6E3D3-6C18-E49F-FD18-E6BAF78B9321}.Debug|Any CPU.ActiveCfg = Debug|Any CPU
		{F1C6E3D3-6C18-E49F-FD18-E6BAF78B9321}.Debug|Any CPU.Build.0 = Debug|Any CPU
		{F1C6E3D3-6C18-E49F-FD18-E6BAF78B9321}.Release|Any CPU.ActiveCfg = Release|Any CPU
		{F1C6E3D3-6C18-E49F-FD18-E6BAF78B9321}.Release|Any CPU.Build.0 = Release|Any CPU
		{905EC28C-5257-3410-850D-321757634991}.Debug|Any CPU.ActiveCfg = Debug|Any CPU
		{905EC28C-5257-3410-850D-321757634991}.Debug|Any CPU.Build.0 = Debug|Any CPU
		{905EC28C-5257-3410-850D-321757634991}.Release|Any CPU.ActiveCfg = Release|Any CPU
		{905EC28C-5257-3410-850D-321757634991}.Release|Any CPU.Build.0 = Release|Any CPU
		{AEBEE14C-4AC4-310E-B8C0-E151238C481D}.Debug|Any CPU.ActiveCfg = Debug|Any CPU
		{AEBEE14C-4AC4-310E-B8C0-E151238C481D}.Debug|Any CPU.Build.0 = Debug|Any CPU
		{AEBEE14C-4AC4-310E-B8C0-E151238C481D}.Release|Any CPU.ActiveCfg = Release|Any CPU
		{AEBEE14C-4AC4-310E-B8C0-E151238C481D}.Release|Any CPU.Build.0 = Release|Any CPU
		{117DF32A-E987-F403-A5AB-A863E68C5A6A}.Debug|Any CPU.ActiveCfg = Debug|Any CPU
		{117DF32A-E987-F403-A5AB-A863E68C5A6A}.Debug|Any CPU.Build.0 = Debug|Any CPU
		{117DF32A-E987-F403-A5AB-A863E68C5A6A}.Release|Any CPU.ActiveCfg = Release|Any CPU
		{117DF32A-E987-F403-A5AB-A863E68C5A6A}.Release|Any CPU.Build.0 = Release|Any CPU
		{05C40312-472B-4A0A-B740-F85FA5BDB2D0}.Debug|Any CPU.ActiveCfg = Debug|Any CPU
		{05C40312-472B-4A0A-B740-F85FA5BDB2D0}.Debug|Any CPU.Build.0 = Debug|Any CPU
		{05C40312-472B-4A0A-B740-F85FA5BDB2D0}.Release|Any CPU.ActiveCfg = Release|Any CPU
		{05C40312-472B-4A0A-B740-F85FA5BDB2D0}.Release|Any CPU.Build.0 = Release|Any CPU
		{3430B17E-7AF3-F2DB-F563-AAC94E6AA8F4}.Debug|Any CPU.ActiveCfg = Debug|Any CPU
		{3430B17E-7AF3-F2DB-F563-AAC94E6AA8F4}.Debug|Any CPU.Build.0 = Debug|Any CPU
		{3430B17E-7AF3-F2DB-F563-AAC94E6AA8F4}.Release|Any CPU.ActiveCfg = Release|Any CPU
		{3430B17E-7AF3-F2DB-F563-AAC94E6AA8F4}.Release|Any CPU.Build.0 = Release|Any CPU
		{B34F353B-0C36-48EE-20B3-62158BCB50DC}.Debug|Any CPU.ActiveCfg = Debug|Any CPU
		{B34F353B-0C36-48EE-20B3-62158BCB50DC}.Debug|Any CPU.Build.0 = Debug|Any CPU
		{B34F353B-0C36-48EE-20B3-62158BCB50DC}.Release|Any CPU.ActiveCfg = Release|Any CPU
		{B34F353B-0C36-48EE-20B3-62158BCB50DC}.Release|Any CPU.Build.0 = Release|Any CPU
		{04D0B7C2-031D-D8A0-D8EA-0C2E7E3E92B7}.Debug|Any CPU.ActiveCfg = Debug|Any CPU
		{04D0B7C2-031D-D8A0-D8EA-0C2E7E3E92B7}.Debug|Any CPU.Build.0 = Debug|Any CPU
		{04D0B7C2-031D-D8A0-D8EA-0C2E7E3E92B7}.Release|Any CPU.ActiveCfg = Release|Any CPU
		{04D0B7C2-031D-D8A0-D8EA-0C2E7E3E92B7}.Release|Any CPU.Build.0 = Release|Any CPU
		{4174C2C8-ECAC-7B83-4BE5-8DE5C0CA6C03}.Debug|Any CPU.ActiveCfg = Debug|Any CPU
		{4174C2C8-ECAC-7B83-4BE5-8DE5C0CA6C03}.Debug|Any CPU.Build.0 = Debug|Any CPU
		{4174C2C8-ECAC-7B83-4BE5-8DE5C0CA6C03}.Release|Any CPU.ActiveCfg = Release|Any CPU
		{4174C2C8-ECAC-7B83-4BE5-8DE5C0CA6C03}.Release|Any CPU.Build.0 = Release|Any CPU
		{9E79542C-89C3-FE87-B844-50333C0EC4B9}.Debug|Any CPU.ActiveCfg = Debug|Any CPU
		{9E79542C-89C3-FE87-B844-50333C0EC4B9}.Debug|Any CPU.Build.0 = Debug|Any CPU
		{9E79542C-89C3-FE87-B844-50333C0EC4B9}.Release|Any CPU.ActiveCfg = Release|Any CPU
		{9E79542C-89C3-FE87-B844-50333C0EC4B9}.Release|Any CPU.Build.0 = Release|Any CPU
		{BCC97B5B-C738-1073-9CFC-E9E8CCF4D0D0}.Debug|Any CPU.ActiveCfg = Debug|Any CPU
		{BCC97B5B-C738-1073-9CFC-E9E8CCF4D0D0}.Debug|Any CPU.Build.0 = Debug|Any CPU
		{BCC97B5B-C738-1073-9CFC-E9E8CCF4D0D0}.Release|Any CPU.ActiveCfg = Release|Any CPU
		{BCC97B5B-C738-1073-9CFC-E9E8CCF4D0D0}.Release|Any CPU.Build.0 = Release|Any CPU
		{E219B3B5-1AD4-6E4C-77A4-F27AE8EF7DA6}.Debug|Any CPU.ActiveCfg = Debug|Any CPU
		{E219B3B5-1AD4-6E4C-77A4-F27AE8EF7DA6}.Debug|Any CPU.Build.0 = Debug|Any CPU
		{E219B3B5-1AD4-6E4C-77A4-F27AE8EF7DA6}.Release|Any CPU.ActiveCfg = Release|Any CPU
		{E219B3B5-1AD4-6E4C-77A4-F27AE8EF7DA6}.Release|Any CPU.Build.0 = Release|Any CPU
		{9FB4F3AF-CC8D-830B-18E4-9051648D2FA3}.Debug|Any CPU.ActiveCfg = Debug|Any CPU
		{9FB4F3AF-CC8D-830B-18E4-9051648D2FA3}.Debug|Any CPU.Build.0 = Debug|Any CPU
		{9FB4F3AF-CC8D-830B-18E4-9051648D2FA3}.Release|Any CPU.ActiveCfg = Release|Any CPU
		{9FB4F3AF-CC8D-830B-18E4-9051648D2FA3}.Release|Any CPU.Build.0 = Release|Any CPU
		{A0D5BD72-E2ED-EC90-40D7-5A25238C60A7}.Debug|Any CPU.ActiveCfg = Debug|Any CPU
		{A0D5BD72-E2ED-EC90-40D7-5A25238C60A7}.Debug|Any CPU.Build.0 = Debug|Any CPU
		{A0D5BD72-E2ED-EC90-40D7-5A25238C60A7}.Release|Any CPU.ActiveCfg = Release|Any CPU
		{A0D5BD72-E2ED-EC90-40D7-5A25238C60A7}.Release|Any CPU.Build.0 = Release|Any CPU
		{4DB7BFA8-0F90-B598-4986-D3DEB8535FFC}.Debug|Any CPU.ActiveCfg = Debug|Any CPU
		{4DB7BFA8-0F90-B598-4986-D3DEB8535FFC}.Debug|Any CPU.Build.0 = Debug|Any CPU
		{4DB7BFA8-0F90-B598-4986-D3DEB8535FFC}.Release|Any CPU.ActiveCfg = Release|Any CPU
		{4DB7BFA8-0F90-B598-4986-D3DEB8535FFC}.Release|Any CPU.Build.0 = Release|Any CPU
		{4B27FF6A-D87D-1409-BED2-02C9C10DF4C5}.Debug|Any CPU.ActiveCfg = Debug|Any CPU
		{4B27FF6A-D87D-1409-BED2-02C9C10DF4C5}.Debug|Any CPU.Build.0 = Debug|Any CPU
		{4B27FF6A-D87D-1409-BED2-02C9C10DF4C5}.Release|Any CPU.ActiveCfg = Release|Any CPU
		{4B27FF6A-D87D-1409-BED2-02C9C10DF4C5}.Release|Any CPU.Build.0 = Release|Any CPU
		{5F2A2E39-F4D6-EE7C-A72A-840D4DEF796E}.Debug|Any CPU.ActiveCfg = Debug|Any CPU
		{5F2A2E39-F4D6-EE7C-A72A-840D4DEF796E}.Debug|Any CPU.Build.0 = Debug|Any CPU
		{5F2A2E39-F4D6-EE7C-A72A-840D4DEF796E}.Release|Any CPU.ActiveCfg = Release|Any CPU
		{5F2A2E39-F4D6-EE7C-A72A-840D4DEF796E}.Release|Any CPU.Build.0 = Release|Any CPU
		{DB3CC295-9FF0-076B-D51F-CEA4C2BD273A}.Debug|Any CPU.ActiveCfg = Debug|Any CPU
		{DB3CC295-9FF0-076B-D51F-CEA4C2BD273A}.Debug|Any CPU.Build.0 = Debug|Any CPU
		{DB3CC295-9FF0-076B-D51F-CEA4C2BD273A}.Release|Any CPU.ActiveCfg = Release|Any CPU
		{DB3CC295-9FF0-076B-D51F-CEA4C2BD273A}.Release|Any CPU.Build.0 = Release|Any CPU
		{7965730E-A858-E520-E30F-0B47FE6A7D1F}.Debug|Any CPU.ActiveCfg = Debug|Any CPU
		{7965730E-A858-E520-E30F-0B47FE6A7D1F}.Debug|Any CPU.Build.0 = Debug|Any CPU
		{7965730E-A858-E520-E30F-0B47FE6A7D1F}.Release|Any CPU.ActiveCfg = Release|Any CPU
		{7965730E-A858-E520-E30F-0B47FE6A7D1F}.Release|Any CPU.Build.0 = Release|Any CPU
		{0E96667A-835E-3A5C-B1F5-FE7FB5025AAE}.Debug|Any CPU.ActiveCfg = Debug|Any CPU
		{0E96667A-835E-3A5C-B1F5-FE7FB5025AAE}.Debug|Any CPU.Build.0 = Debug|Any CPU
		{0E96667A-835E-3A5C-B1F5-FE7FB5025AAE}.Release|Any CPU.ActiveCfg = Release|Any CPU
		{0E96667A-835E-3A5C-B1F5-FE7FB5025AAE}.Release|Any CPU.Build.0 = Release|Any CPU
		{BD5E95EA-0D31-4B41-CD6B-8E44D333C1DA}.Debug|Any CPU.ActiveCfg = Debug|Any CPU
		{BD5E95EA-0D31-4B41-CD6B-8E44D333C1DA}.Debug|Any CPU.Build.0 = Debug|Any CPU
		{BD5E95EA-0D31-4B41-CD6B-8E44D333C1DA}.Release|Any CPU.ActiveCfg = Release|Any CPU
		{BD5E95EA-0D31-4B41-CD6B-8E44D333C1DA}.Release|Any CPU.Build.0 = Release|Any CPU
		{54805F3B-82B6-479B-141B-9F2B9DDD1F26}.Debug|Any CPU.ActiveCfg = Debug|Any CPU
		{54805F3B-82B6-479B-141B-9F2B9DDD1F26}.Debug|Any CPU.Build.0 = Debug|Any CPU
		{54805F3B-82B6-479B-141B-9F2B9DDD1F26}.Release|Any CPU.ActiveCfg = Release|Any CPU
		{54805F3B-82B6-479B-141B-9F2B9DDD1F26}.Release|Any CPU.Build.0 = Release|Any CPU
		{F344027C-98C0-B4A5-19C8-F17B4A7B0CC0}.Debug|Any CPU.ActiveCfg = Debug|Any CPU
		{F344027C-98C0-B4A5-19C8-F17B4A7B0CC0}.Debug|Any CPU.Build.0 = Debug|Any CPU
		{F344027C-98C0-B4A5-19C8-F17B4A7B0CC0}.Release|Any CPU.ActiveCfg = Release|Any CPU
		{F344027C-98C0-B4A5-19C8-F17B4A7B0CC0}.Release|Any CPU.Build.0 = Release|Any CPU
		{77C2B519-CEBA-9379-9F2D-9787604BA7BF}.Debug|Any CPU.ActiveCfg = Debug|Any CPU
		{77C2B519-CEBA-9379-9F2D-9787604BA7BF}.Debug|Any CPU.Build.0 = Debug|Any CPU
		{77C2B519-CEBA-9379-9F2D-9787604BA7BF}.Release|Any CPU.ActiveCfg = Release|Any CPU
		{77C2B519-CEBA-9379-9F2D-9787604BA7BF}.Release|Any CPU.Build.0 = Release|Any CPU
		{55FC166C-E7DB-C78C-7E3D-A284A12BB348}.Debug|Any CPU.ActiveCfg = Debug|Any CPU
		{55FC166C-E7DB-C78C-7E3D-A284A12BB348}.Debug|Any CPU.Build.0 = Debug|Any CPU
		{55FC166C-E7DB-C78C-7E3D-A284A12BB348}.Release|Any CPU.ActiveCfg = Release|Any CPU
		{55FC166C-E7DB-C78C-7E3D-A284A12BB348}.Release|Any CPU.Build.0 = Release|Any CPU
		{1DDDCAD8-A7AE-10F5-5246-459BEDE05A6B}.Debug|Any CPU.ActiveCfg = Debug|Any CPU
		{1DDDCAD8-A7AE-10F5-5246-459BEDE05A6B}.Debug|Any CPU.Build.0 = Debug|Any CPU
		{1DDDCAD8-A7AE-10F5-5246-459BEDE05A6B}.Release|Any CPU.ActiveCfg = Release|Any CPU
		{1DDDCAD8-A7AE-10F5-5246-459BEDE05A6B}.Release|Any CPU.Build.0 = Release|Any CPU
		{43A7A39A-C4B8-83A4-6C36-732C2424F4A3}.Debug|Any CPU.ActiveCfg = Debug|Any CPU
		{43A7A39A-C4B8-83A4-6C36-732C2424F4A3}.Debug|Any CPU.Build.0 = Debug|Any CPU
		{43A7A39A-C4B8-83A4-6C36-732C2424F4A3}.Release|Any CPU.ActiveCfg = Release|Any CPU
		{43A7A39A-C4B8-83A4-6C36-732C2424F4A3}.Release|Any CPU.Build.0 = Release|Any CPU
		{34550F00-1058-4654-41D1-059147FCA79B}.Debug|Any CPU.ActiveCfg = Debug|Any CPU
		{34550F00-1058-4654-41D1-059147FCA79B}.Debug|Any CPU.Build.0 = Debug|Any CPU
		{34550F00-1058-4654-41D1-059147FCA79B}.Release|Any CPU.ActiveCfg = Release|Any CPU
		{34550F00-1058-4654-41D1-059147FCA79B}.Release|Any CPU.Build.0 = Release|Any CPU
		{3891E13C-F8A2-E2F0-6CA9-30C5CD13CAE4}.Debug|Any CPU.ActiveCfg = Debug|Any CPU
		{3891E13C-F8A2-E2F0-6CA9-30C5CD13CAE4}.Debug|Any CPU.Build.0 = Debug|Any CPU
		{3891E13C-F8A2-E2F0-6CA9-30C5CD13CAE4}.Release|Any CPU.ActiveCfg = Release|Any CPU
		{3891E13C-F8A2-E2F0-6CA9-30C5CD13CAE4}.Release|Any CPU.Build.0 = Release|Any CPU
		{53AB47E6-ADC0-7B51-2289-A867F1C78877}.Debug|Any CPU.ActiveCfg = Debug|Any CPU
		{53AB47E6-ADC0-7B51-2289-A867F1C78877}.Debug|Any CPU.Build.0 = Debug|Any CPU
		{53AB47E6-ADC0-7B51-2289-A867F1C78877}.Release|Any CPU.ActiveCfg = Release|Any CPU
		{53AB47E6-ADC0-7B51-2289-A867F1C78877}.Release|Any CPU.Build.0 = Release|Any CPU
		{BFE24430-D4B0-AD04-990D-CE37D4A2924E}.Debug|Any CPU.ActiveCfg = Debug|Any CPU
		{BFE24430-D4B0-AD04-990D-CE37D4A2924E}.Debug|Any CPU.Build.0 = Debug|Any CPU
		{BFE24430-D4B0-AD04-990D-CE37D4A2924E}.Release|Any CPU.ActiveCfg = Release|Any CPU
		{BFE24430-D4B0-AD04-990D-CE37D4A2924E}.Release|Any CPU.Build.0 = Release|Any CPU
		{F0F55004-8622-96C0-902E-16CF45FA0E45}.Debug|Any CPU.ActiveCfg = Debug|Any CPU
		{F0F55004-8622-96C0-902E-16CF45FA0E45}.Debug|Any CPU.Build.0 = Debug|Any CPU
		{F0F55004-8622-96C0-902E-16CF45FA0E45}.Release|Any CPU.ActiveCfg = Release|Any CPU
		{F0F55004-8622-96C0-902E-16CF45FA0E45}.Release|Any CPU.Build.0 = Release|Any CPU
		{A8C1F3D4-0E22-7E40-B6BB-BFE3395744D4}.Debug|Any CPU.ActiveCfg = Debug|Any CPU
		{A8C1F3D4-0E22-7E40-B6BB-BFE3395744D4}.Debug|Any CPU.Build.0 = Debug|Any CPU
		{A8C1F3D4-0E22-7E40-B6BB-BFE3395744D4}.Release|Any CPU.ActiveCfg = Release|Any CPU
		{A8C1F3D4-0E22-7E40-B6BB-BFE3395744D4}.Release|Any CPU.Build.0 = Release|Any CPU
		{BF6F3D59-72AA-B7D6-9C94-128C4E5E9DC2}.Debug|Any CPU.ActiveCfg = Debug|Any CPU
		{BF6F3D59-72AA-B7D6-9C94-128C4E5E9DC2}.Debug|Any CPU.Build.0 = Debug|Any CPU
		{BF6F3D59-72AA-B7D6-9C94-128C4E5E9DC2}.Release|Any CPU.ActiveCfg = Release|Any CPU
		{BF6F3D59-72AA-B7D6-9C94-128C4E5E9DC2}.Release|Any CPU.Build.0 = Release|Any CPU
		{1C06B9C1-D437-DE3C-D4D8-647AC03CA610}.Debug|Any CPU.ActiveCfg = Debug|Any CPU
		{1C06B9C1-D437-DE3C-D4D8-647AC03CA610}.Debug|Any CPU.Build.0 = Debug|Any CPU
		{1C06B9C1-D437-DE3C-D4D8-647AC03CA610}.Release|Any CPU.ActiveCfg = Release|Any CPU
		{1C06B9C1-D437-DE3C-D4D8-647AC03CA610}.Release|Any CPU.Build.0 = Release|Any CPU
		{9DD5F692-D963-98C9-3047-33C5CC92A30D}.Debug|Any CPU.ActiveCfg = Debug|Any CPU
		{9DD5F692-D963-98C9-3047-33C5CC92A30D}.Debug|Any CPU.Build.0 = Debug|Any CPU
		{9DD5F692-D963-98C9-3047-33C5CC92A30D}.Release|Any CPU.ActiveCfg = Release|Any CPU
		{9DD5F692-D963-98C9-3047-33C5CC92A30D}.Release|Any CPU.Build.0 = Release|Any CPU
		{2814DF61-9A49-94DF-EC44-0F142E7B8D3E}.Debug|Any CPU.ActiveCfg = Debug|Any CPU
		{2814DF61-9A49-94DF-EC44-0F142E7B8D3E}.Debug|Any CPU.Build.0 = Debug|Any CPU
		{2814DF61-9A49-94DF-EC44-0F142E7B8D3E}.Release|Any CPU.ActiveCfg = Release|Any CPU
		{2814DF61-9A49-94DF-EC44-0F142E7B8D3E}.Release|Any CPU.Build.0 = Release|Any CPU
		{36F1E389-BC24-C4CD-0F1F-48F3BE3DCC74}.Debug|Any CPU.ActiveCfg = Debug|Any CPU
		{36F1E389-BC24-C4CD-0F1F-48F3BE3DCC74}.Debug|Any CPU.Build.0 = Debug|Any CPU
		{36F1E389-BC24-C4CD-0F1F-48F3BE3DCC74}.Release|Any CPU.ActiveCfg = Release|Any CPU
		{36F1E389-BC24-C4CD-0F1F-48F3BE3DCC74}.Release|Any CPU.Build.0 = Release|Any CPU
		{A2FAB390-AAFD-F14D-03B3-533190DAA9CC}.Debug|Any CPU.ActiveCfg = Debug|Any CPU
		{A2FAB390-AAFD-F14D-03B3-533190DAA9CC}.Debug|Any CPU.Build.0 = Debug|Any CPU
		{A2FAB390-AAFD-F14D-03B3-533190DAA9CC}.Release|Any CPU.ActiveCfg = Release|Any CPU
		{A2FAB390-AAFD-F14D-03B3-533190DAA9CC}.Release|Any CPU.Build.0 = Release|Any CPU
		{CDFAD865-E7B8-0E98-1EBE-D174F2CDAD6E}.Debug|Any CPU.ActiveCfg = Debug|Any CPU
		{CDFAD865-E7B8-0E98-1EBE-D174F2CDAD6E}.Debug|Any CPU.Build.0 = Debug|Any CPU
		{CDFAD865-E7B8-0E98-1EBE-D174F2CDAD6E}.Release|Any CPU.ActiveCfg = Release|Any CPU
		{CDFAD865-E7B8-0E98-1EBE-D174F2CDAD6E}.Release|Any CPU.Build.0 = Release|Any CPU
		{EA500E53-F887-0DE2-2427-D17E3987CBE8}.Debug|Any CPU.ActiveCfg = Debug|Any CPU
		{EA500E53-F887-0DE2-2427-D17E3987CBE8}.Debug|Any CPU.Build.0 = Debug|Any CPU
		{EA500E53-F887-0DE2-2427-D17E3987CBE8}.Release|Any CPU.ActiveCfg = Release|Any CPU
		{EA500E53-F887-0DE2-2427-D17E3987CBE8}.Release|Any CPU.Build.0 = Release|Any CPU
		{7A5DBE3E-65E5-0584-3A47-34A367BC5653}.Debug|Any CPU.ActiveCfg = Debug|Any CPU
		{7A5DBE3E-65E5-0584-3A47-34A367BC5653}.Debug|Any CPU.Build.0 = Debug|Any CPU
		{7A5DBE3E-65E5-0584-3A47-34A367BC5653}.Release|Any CPU.ActiveCfg = Release|Any CPU
		{7A5DBE3E-65E5-0584-3A47-34A367BC5653}.Release|Any CPU.Build.0 = Release|Any CPU
		{7B1A18C2-5AA2-9617-28BE-C7EDA10C4ABD}.Debug|Any CPU.ActiveCfg = Debug|Any CPU
		{7B1A18C2-5AA2-9617-28BE-C7EDA10C4ABD}.Debug|Any CPU.Build.0 = Debug|Any CPU
		{7B1A18C2-5AA2-9617-28BE-C7EDA10C4ABD}.Release|Any CPU.ActiveCfg = Release|Any CPU
		{7B1A18C2-5AA2-9617-28BE-C7EDA10C4ABD}.Release|Any CPU.Build.0 = Release|Any CPU
		{09A5C88F-A304-0FAE-DFF4-CAED20DC6D35}.Debug|Any CPU.ActiveCfg = Debug|Any CPU
		{09A5C88F-A304-0FAE-DFF4-CAED20DC6D35}.Debug|Any CPU.Build.0 = Debug|Any CPU
		{09A5C88F-A304-0FAE-DFF4-CAED20DC6D35}.Release|Any CPU.ActiveCfg = Release|Any CPU
		{09A5C88F-A304-0FAE-DFF4-CAED20DC6D35}.Release|Any CPU.Build.0 = Release|Any CPU
		{37391E4D-24FC-BE04-2ACE-5E084E7A2944}.Debug|Any CPU.ActiveCfg = Debug|Any CPU
		{37391E4D-24FC-BE04-2ACE-5E084E7A2944}.Debug|Any CPU.Build.0 = Debug|Any CPU
		{37391E4D-24FC-BE04-2ACE-5E084E7A2944}.Release|Any CPU.ActiveCfg = Release|Any CPU
		{37391E4D-24FC-BE04-2ACE-5E084E7A2944}.Release|Any CPU.Build.0 = Release|Any CPU
		{7B446516-C472-1E6C-6309-D422D4E26FFE}.Debug|Any CPU.ActiveCfg = Debug|Any CPU
		{7B446516-C472-1E6C-6309-D422D4E26FFE}.Debug|Any CPU.Build.0 = Debug|Any CPU
		{7B446516-C472-1E6C-6309-D422D4E26FFE}.Release|Any CPU.ActiveCfg = Release|Any CPU
		{7B446516-C472-1E6C-6309-D422D4E26FFE}.Release|Any CPU.Build.0 = Release|Any CPU
		{FD09E5BE-B5D9-96A9-9578-6A41AEBB6566}.Debug|Any CPU.ActiveCfg = Debug|Any CPU
		{FD09E5BE-B5D9-96A9-9578-6A41AEBB6566}.Debug|Any CPU.Build.0 = Debug|Any CPU
		{FD09E5BE-B5D9-96A9-9578-6A41AEBB6566}.Release|Any CPU.ActiveCfg = Release|Any CPU
		{FD09E5BE-B5D9-96A9-9578-6A41AEBB6566}.Release|Any CPU.Build.0 = Release|Any CPU
		{6FE53CC8-38C9-CB65-1157-B39BFFF10119}.Debug|Any CPU.ActiveCfg = Debug|Any CPU
		{6FE53CC8-38C9-CB65-1157-B39BFFF10119}.Debug|Any CPU.Build.0 = Debug|Any CPU
		{6FE53CC8-38C9-CB65-1157-B39BFFF10119}.Release|Any CPU.ActiveCfg = Release|Any CPU
		{6FE53CC8-38C9-CB65-1157-B39BFFF10119}.Release|Any CPU.Build.0 = Release|Any CPU
		{65D3929A-147C-2846-15AF-C737CD37C130}.Debug|Any CPU.ActiveCfg = Debug|Any CPU
		{65D3929A-147C-2846-15AF-C737CD37C130}.Debug|Any CPU.Build.0 = Debug|Any CPU
		{65D3929A-147C-2846-15AF-C737CD37C130}.Release|Any CPU.ActiveCfg = Release|Any CPU
		{65D3929A-147C-2846-15AF-C737CD37C130}.Release|Any CPU.Build.0 = Release|Any CPU
		{2E39E279-50D0-73B0-8B3E-FAA26E2EFC99}.Debug|Any CPU.ActiveCfg = Debug|Any CPU
		{2E39E279-50D0-73B0-8B3E-FAA26E2EFC99}.Debug|Any CPU.Build.0 = Debug|Any CPU
		{2E39E279-50D0-73B0-8B3E-FAA26E2EFC99}.Release|Any CPU.ActiveCfg = Release|Any CPU
		{2E39E279-50D0-73B0-8B3E-FAA26E2EFC99}.Release|Any CPU.Build.0 = Release|Any CPU
		{52EA1969-A02D-EA26-2281-0D4955CA4FDD}.Debug|Any CPU.ActiveCfg = Debug|Any CPU
		{52EA1969-A02D-EA26-2281-0D4955CA4FDD}.Debug|Any CPU.Build.0 = Debug|Any CPU
		{52EA1969-A02D-EA26-2281-0D4955CA4FDD}.Release|Any CPU.ActiveCfg = Release|Any CPU
		{52EA1969-A02D-EA26-2281-0D4955CA4FDD}.Release|Any CPU.Build.0 = Release|Any CPU
		{E8F73169-3CE3-4213-37A1-9A77546C5AE4}.Debug|Any CPU.ActiveCfg = Debug|Any CPU
		{E8F73169-3CE3-4213-37A1-9A77546C5AE4}.Debug|Any CPU.Build.0 = Debug|Any CPU
		{E8F73169-3CE3-4213-37A1-9A77546C5AE4}.Release|Any CPU.ActiveCfg = Release|Any CPU
		{E8F73169-3CE3-4213-37A1-9A77546C5AE4}.Release|Any CPU.Build.0 = Release|Any CPU
		{5E987D1B-544E-5633-E5D4-490E5B2EEBF7}.Debug|Any CPU.ActiveCfg = Debug|Any CPU
		{5E987D1B-544E-5633-E5D4-490E5B2EEBF7}.Debug|Any CPU.Build.0 = Debug|Any CPU
		{5E987D1B-544E-5633-E5D4-490E5B2EEBF7}.Release|Any CPU.ActiveCfg = Release|Any CPU
		{5E987D1B-544E-5633-E5D4-490E5B2EEBF7}.Release|Any CPU.Build.0 = Release|Any CPU
		{BBDE9AE2-E81D-E9E6-9115-1828B36DEC39}.Debug|Any CPU.ActiveCfg = Debug|Any CPU
		{BBDE9AE2-E81D-E9E6-9115-1828B36DEC39}.Debug|Any CPU.Build.0 = Debug|Any CPU
		{BBDE9AE2-E81D-E9E6-9115-1828B36DEC39}.Release|Any CPU.ActiveCfg = Release|Any CPU
		{BBDE9AE2-E81D-E9E6-9115-1828B36DEC39}.Release|Any CPU.Build.0 = Release|Any CPU
		{14111E19-B7B9-D86B-659C-619528A6B1C6}.Debug|Any CPU.ActiveCfg = Debug|Any CPU
		{14111E19-B7B9-D86B-659C-619528A6B1C6}.Debug|Any CPU.Build.0 = Debug|Any CPU
		{14111E19-B7B9-D86B-659C-619528A6B1C6}.Release|Any CPU.ActiveCfg = Release|Any CPU
		{14111E19-B7B9-D86B-659C-619528A6B1C6}.Release|Any CPU.Build.0 = Release|Any CPU
		{045DD726-154D-0E78-5BDE-A0BAE3037ADE}.Debug|Any CPU.ActiveCfg = Debug|Any CPU
		{045DD726-154D-0E78-5BDE-A0BAE3037ADE}.Debug|Any CPU.Build.0 = Debug|Any CPU
		{045DD726-154D-0E78-5BDE-A0BAE3037ADE}.Release|Any CPU.ActiveCfg = Release|Any CPU
		{045DD726-154D-0E78-5BDE-A0BAE3037ADE}.Release|Any CPU.Build.0 = Release|Any CPU
		{AE6A67A0-B453-E6E0-BC4D-FEDEC4944947}.Debug|Any CPU.ActiveCfg = Debug|Any CPU
		{AE6A67A0-B453-E6E0-BC4D-FEDEC4944947}.Debug|Any CPU.Build.0 = Debug|Any CPU
		{AE6A67A0-B453-E6E0-BC4D-FEDEC4944947}.Release|Any CPU.ActiveCfg = Release|Any CPU
		{AE6A67A0-B453-E6E0-BC4D-FEDEC4944947}.Release|Any CPU.Build.0 = Release|Any CPU
		{4E97E380-C078-68DC-8041-FB57204AB728}.Debug|Any CPU.ActiveCfg = Debug|Any CPU
		{4E97E380-C078-68DC-8041-FB57204AB728}.Debug|Any CPU.Build.0 = Debug|Any CPU
		{4E97E380-C078-68DC-8041-FB57204AB728}.Release|Any CPU.ActiveCfg = Release|Any CPU
		{4E97E380-C078-68DC-8041-FB57204AB728}.Release|Any CPU.Build.0 = Release|Any CPU
		{8E1630D4-EF7F-1E93-2A85-E5B90072EED5}.Debug|Any CPU.ActiveCfg = Debug|Any CPU
		{8E1630D4-EF7F-1E93-2A85-E5B90072EED5}.Debug|Any CPU.Build.0 = Debug|Any CPU
		{8E1630D4-EF7F-1E93-2A85-E5B90072EED5}.Release|Any CPU.ActiveCfg = Release|Any CPU
		{8E1630D4-EF7F-1E93-2A85-E5B90072EED5}.Release|Any CPU.Build.0 = Release|Any CPU
		{3E07EF95-FAF1-9176-5AB9-AC2E72C21C75}.Debug|Any CPU.ActiveCfg = Debug|Any CPU
		{3E07EF95-FAF1-9176-5AB9-AC2E72C21C75}.Debug|Any CPU.Build.0 = Debug|Any CPU
		{3E07EF95-FAF1-9176-5AB9-AC2E72C21C75}.Release|Any CPU.ActiveCfg = Release|Any CPU
		{3E07EF95-FAF1-9176-5AB9-AC2E72C21C75}.Release|Any CPU.Build.0 = Release|Any CPU
		{67F18BFB-72AD-8085-6B34-4C8D02656533}.Debug|Any CPU.ActiveCfg = Debug|Any CPU
		{67F18BFB-72AD-8085-6B34-4C8D02656533}.Debug|Any CPU.Build.0 = Debug|Any CPU
		{67F18BFB-72AD-8085-6B34-4C8D02656533}.Release|Any CPU.ActiveCfg = Release|Any CPU
		{67F18BFB-72AD-8085-6B34-4C8D02656533}.Release|Any CPU.Build.0 = Release|Any CPU
		{D91CD352-CB68-FEA6-0648-5E8A2EB304DE}.Debug|Any CPU.ActiveCfg = Debug|Any CPU
		{D91CD352-CB68-FEA6-0648-5E8A2EB304DE}.Debug|Any CPU.Build.0 = Debug|Any CPU
		{D91CD352-CB68-FEA6-0648-5E8A2EB304DE}.Release|Any CPU.ActiveCfg = Release|Any CPU
		{D91CD352-CB68-FEA6-0648-5E8A2EB304DE}.Release|Any CPU.Build.0 = Release|Any CPU
		{CBBC08A4-A1F6-80F1-D967-7858D53A66AC}.Debug|Any CPU.ActiveCfg = Debug|Any CPU
		{CBBC08A4-A1F6-80F1-D967-7858D53A66AC}.Debug|Any CPU.Build.0 = Debug|Any CPU
		{CBBC08A4-A1F6-80F1-D967-7858D53A66AC}.Release|Any CPU.ActiveCfg = Release|Any CPU
		{CBBC08A4-A1F6-80F1-D967-7858D53A66AC}.Release|Any CPU.Build.0 = Release|Any CPU
		{D4F4C5F7-63B5-3026-7EF5-606460EC98E0}.Debug|Any CPU.ActiveCfg = Debug|Any CPU
		{D4F4C5F7-63B5-3026-7EF5-606460EC98E0}.Debug|Any CPU.Build.0 = Debug|Any CPU
		{D4F4C5F7-63B5-3026-7EF5-606460EC98E0}.Release|Any CPU.ActiveCfg = Release|Any CPU
		{D4F4C5F7-63B5-3026-7EF5-606460EC98E0}.Release|Any CPU.Build.0 = Release|Any CPU
		{91DAD261-ABAA-2F05-D3FD-7AD3C694AE20}.Debug|Any CPU.ActiveCfg = Debug|Any CPU
		{91DAD261-ABAA-2F05-D3FD-7AD3C694AE20}.Debug|Any CPU.Build.0 = Debug|Any CPU
		{91DAD261-ABAA-2F05-D3FD-7AD3C694AE20}.Release|Any CPU.ActiveCfg = Release|Any CPU
		{91DAD261-ABAA-2F05-D3FD-7AD3C694AE20}.Release|Any CPU.Build.0 = Release|Any CPU
		{0D231536-6145-568C-457B-25C6898DA3A4}.Debug|Any CPU.ActiveCfg = Debug|Any CPU
		{0D231536-6145-568C-457B-25C6898DA3A4}.Debug|Any CPU.Build.0 = Debug|Any CPU
		{0D231536-6145-568C-457B-25C6898DA3A4}.Release|Any CPU.ActiveCfg = Release|Any CPU
		{0D231536-6145-568C-457B-25C6898DA3A4}.Release|Any CPU.Build.0 = Release|Any CPU
		{A15E40C1-847A-AD9A-1833-F244BF8AEE63}.Debug|Any CPU.ActiveCfg = Debug|Any CPU
		{A15E40C1-847A-AD9A-1833-F244BF8AEE63}.Debug|Any CPU.Build.0 = Debug|Any CPU
		{A15E40C1-847A-AD9A-1833-F244BF8AEE63}.Release|Any CPU.ActiveCfg = Release|Any CPU
		{A15E40C1-847A-AD9A-1833-F244BF8AEE63}.Release|Any CPU.Build.0 = Release|Any CPU
		{C5202FAA-8E2B-2719-34D2-5887954A7055}.Debug|Any CPU.ActiveCfg = Debug|Any CPU
		{C5202FAA-8E2B-2719-34D2-5887954A7055}.Debug|Any CPU.Build.0 = Debug|Any CPU
		{C5202FAA-8E2B-2719-34D2-5887954A7055}.Release|Any CPU.ActiveCfg = Release|Any CPU
		{C5202FAA-8E2B-2719-34D2-5887954A7055}.Release|Any CPU.Build.0 = Release|Any CPU
		{B520FFBC-0FF0-5F74-F756-61E0F9A04CAB}.Debug|Any CPU.ActiveCfg = Debug|Any CPU
		{B520FFBC-0FF0-5F74-F756-61E0F9A04CAB}.Debug|Any CPU.Build.0 = Debug|Any CPU
		{B520FFBC-0FF0-5F74-F756-61E0F9A04CAB}.Release|Any CPU.ActiveCfg = Release|Any CPU
		{B520FFBC-0FF0-5F74-F756-61E0F9A04CAB}.Release|Any CPU.Build.0 = Release|Any CPU
		{CC9A4B45-0094-F853-9C37-E12AD3499D0F}.Debug|Any CPU.ActiveCfg = Debug|Any CPU
		{CC9A4B45-0094-F853-9C37-E12AD3499D0F}.Debug|Any CPU.Build.0 = Debug|Any CPU
		{CC9A4B45-0094-F853-9C37-E12AD3499D0F}.Release|Any CPU.ActiveCfg = Release|Any CPU
		{CC9A4B45-0094-F853-9C37-E12AD3499D0F}.Release|Any CPU.Build.0 = Release|Any CPU
		{896E6715-1F83-00F7-7543-C3FE73975E7B}.Debug|Any CPU.ActiveCfg = Debug|Any CPU
		{896E6715-1F83-00F7-7543-C3FE73975E7B}.Debug|Any CPU.Build.0 = Debug|Any CPU
		{896E6715-1F83-00F7-7543-C3FE73975E7B}.Release|Any CPU.ActiveCfg = Release|Any CPU
		{896E6715-1F83-00F7-7543-C3FE73975E7B}.Release|Any CPU.Build.0 = Release|Any CPU
		{E1078F82-2D83-0B20-7CE0-2A09C8634F71}.Debug|Any CPU.ActiveCfg = Debug|Any CPU
		{E1078F82-2D83-0B20-7CE0-2A09C8634F71}.Debug|Any CPU.Build.0 = Debug|Any CPU
		{E1078F82-2D83-0B20-7CE0-2A09C8634F71}.Release|Any CPU.ActiveCfg = Release|Any CPU
		{E1078F82-2D83-0B20-7CE0-2A09C8634F71}.Release|Any CPU.Build.0 = Release|Any CPU
		{6BB071F2-CA0E-CD5B-F001-7039386973B0}.Debug|Any CPU.ActiveCfg = Debug|Any CPU
		{6BB071F2-CA0E-CD5B-F001-7039386973B0}.Debug|Any CPU.Build.0 = Debug|Any CPU
		{6BB071F2-CA0E-CD5B-F001-7039386973B0}.Release|Any CPU.ActiveCfg = Release|Any CPU
		{6BB071F2-CA0E-CD5B-F001-7039386973B0}.Release|Any CPU.Build.0 = Release|Any CPU
		{0C428210-6937-16E3-5DCE-F01151946A67}.Debug|Any CPU.ActiveCfg = Debug|Any CPU
		{0C428210-6937-16E3-5DCE-F01151946A67}.Debug|Any CPU.Build.0 = Debug|Any CPU
		{0C428210-6937-16E3-5DCE-F01151946A67}.Release|Any CPU.ActiveCfg = Release|Any CPU
		{0C428210-6937-16E3-5DCE-F01151946A67}.Release|Any CPU.Build.0 = Release|Any CPU
		{9C2422F5-4608-364E-5774-1DE67CCA44AF}.Debug|Any CPU.ActiveCfg = Debug|Any CPU
		{9C2422F5-4608-364E-5774-1DE67CCA44AF}.Debug|Any CPU.Build.0 = Debug|Any CPU
		{9C2422F5-4608-364E-5774-1DE67CCA44AF}.Release|Any CPU.ActiveCfg = Release|Any CPU
		{9C2422F5-4608-364E-5774-1DE67CCA44AF}.Release|Any CPU.Build.0 = Release|Any CPU
		{303A83F9-93C2-DB1F-CD99-8D507E7986A1}.Debug|Any CPU.ActiveCfg = Debug|Any CPU
		{303A83F9-93C2-DB1F-CD99-8D507E7986A1}.Debug|Any CPU.Build.0 = Debug|Any CPU
		{303A83F9-93C2-DB1F-CD99-8D507E7986A1}.Release|Any CPU.ActiveCfg = Release|Any CPU
		{303A83F9-93C2-DB1F-CD99-8D507E7986A1}.Release|Any CPU.Build.0 = Release|Any CPU
		{A9338309-FABB-2577-5494-403B72A1CBB6}.Debug|Any CPU.ActiveCfg = Debug|Any CPU
		{A9338309-FABB-2577-5494-403B72A1CBB6}.Debug|Any CPU.Build.0 = Debug|Any CPU
		{A9338309-FABB-2577-5494-403B72A1CBB6}.Release|Any CPU.ActiveCfg = Release|Any CPU
		{A9338309-FABB-2577-5494-403B72A1CBB6}.Release|Any CPU.Build.0 = Release|Any CPU
		{2CF1169B-54C4-6D0D-44FB-967DA562A770}.Debug|Any CPU.ActiveCfg = Debug|Any CPU
		{2CF1169B-54C4-6D0D-44FB-967DA562A770}.Debug|Any CPU.Build.0 = Debug|Any CPU
		{2CF1169B-54C4-6D0D-44FB-967DA562A770}.Release|Any CPU.ActiveCfg = Release|Any CPU
		{2CF1169B-54C4-6D0D-44FB-967DA562A770}.Release|Any CPU.Build.0 = Release|Any CPU
		{134CFCD9-ED0A-E7E0-4B09-5E24B33E9856}.Debug|Any CPU.ActiveCfg = Debug|Any CPU
		{134CFCD9-ED0A-E7E0-4B09-5E24B33E9856}.Debug|Any CPU.Build.0 = Debug|Any CPU
		{134CFCD9-ED0A-E7E0-4B09-5E24B33E9856}.Release|Any CPU.ActiveCfg = Release|Any CPU
		{134CFCD9-ED0A-E7E0-4B09-5E24B33E9856}.Release|Any CPU.Build.0 = Release|Any CPU
		{253F5B48-7953-9C4F-6571-7A93F7AC390A}.Debug|Any CPU.ActiveCfg = Debug|Any CPU
		{253F5B48-7953-9C4F-6571-7A93F7AC390A}.Debug|Any CPU.Build.0 = Debug|Any CPU
		{253F5B48-7953-9C4F-6571-7A93F7AC390A}.Release|Any CPU.ActiveCfg = Release|Any CPU
		{253F5B48-7953-9C4F-6571-7A93F7AC390A}.Release|Any CPU.Build.0 = Release|Any CPU
		{61418FD0-5F6D-6689-101B-80A0E5E32A14}.Debug|Any CPU.ActiveCfg = Debug|Any CPU
		{61418FD0-5F6D-6689-101B-80A0E5E32A14}.Debug|Any CPU.Build.0 = Debug|Any CPU
		{61418FD0-5F6D-6689-101B-80A0E5E32A14}.Release|Any CPU.ActiveCfg = Release|Any CPU
		{61418FD0-5F6D-6689-101B-80A0E5E32A14}.Release|Any CPU.Build.0 = Release|Any CPU
		{EA11EA36-DD70-5CB8-AB6C-B4D39854269C}.Debug|Any CPU.ActiveCfg = Debug|Any CPU
		{EA11EA36-DD70-5CB8-AB6C-B4D39854269C}.Debug|Any CPU.Build.0 = Debug|Any CPU
		{EA11EA36-DD70-5CB8-AB6C-B4D39854269C}.Release|Any CPU.ActiveCfg = Release|Any CPU
		{EA11EA36-DD70-5CB8-AB6C-B4D39854269C}.Release|Any CPU.Build.0 = Release|Any CPU
		{F3D5820B-8C78-B416-CBED-45A4BDE6693F}.Debug|Any CPU.ActiveCfg = Debug|Any CPU
		{F3D5820B-8C78-B416-CBED-45A4BDE6693F}.Debug|Any CPU.Build.0 = Debug|Any CPU
		{F3D5820B-8C78-B416-CBED-45A4BDE6693F}.Release|Any CPU.ActiveCfg = Release|Any CPU
		{F3D5820B-8C78-B416-CBED-45A4BDE6693F}.Release|Any CPU.Build.0 = Release|Any CPU
		{6A21944A-5AFC-7CE6-9531-6A49879F79C8}.Debug|Any CPU.ActiveCfg = Debug|Any CPU
		{6A21944A-5AFC-7CE6-9531-6A49879F79C8}.Debug|Any CPU.Build.0 = Debug|Any CPU
		{6A21944A-5AFC-7CE6-9531-6A49879F79C8}.Release|Any CPU.ActiveCfg = Release|Any CPU
		{6A21944A-5AFC-7CE6-9531-6A49879F79C8}.Release|Any CPU.Build.0 = Release|Any CPU
		{895F2627-3679-8364-F480-7D747B2B1246}.Debug|Any CPU.ActiveCfg = Debug|Any CPU
		{895F2627-3679-8364-F480-7D747B2B1246}.Debug|Any CPU.Build.0 = Debug|Any CPU
		{895F2627-3679-8364-F480-7D747B2B1246}.Release|Any CPU.ActiveCfg = Release|Any CPU
		{895F2627-3679-8364-F480-7D747B2B1246}.Release|Any CPU.Build.0 = Release|Any CPU
		{CC8F460E-800B-5314-2F45-1F90D1068EC2}.Debug|Any CPU.ActiveCfg = Debug|Any CPU
		{CC8F460E-800B-5314-2F45-1F90D1068EC2}.Debug|Any CPU.Build.0 = Debug|Any CPU
		{CC8F460E-800B-5314-2F45-1F90D1068EC2}.Release|Any CPU.ActiveCfg = Release|Any CPU
		{CC8F460E-800B-5314-2F45-1F90D1068EC2}.Release|Any CPU.Build.0 = Release|Any CPU
		{D8083259-7C1D-BA1A-A3D1-DF0AADF94710}.Debug|Any CPU.ActiveCfg = Debug|Any CPU
		{D8083259-7C1D-BA1A-A3D1-DF0AADF94710}.Debug|Any CPU.Build.0 = Debug|Any CPU
		{D8083259-7C1D-BA1A-A3D1-DF0AADF94710}.Release|Any CPU.ActiveCfg = Release|Any CPU
		{D8083259-7C1D-BA1A-A3D1-DF0AADF94710}.Release|Any CPU.Build.0 = Release|Any CPU
		{17E79C7B-B8E6-EEDD-B6B0-A30A514FF0EF}.Debug|Any CPU.ActiveCfg = Debug|Any CPU
		{17E79C7B-B8E6-EEDD-B6B0-A30A514FF0EF}.Debug|Any CPU.Build.0 = Debug|Any CPU
		{17E79C7B-B8E6-EEDD-B6B0-A30A514FF0EF}.Release|Any CPU.ActiveCfg = Release|Any CPU
		{17E79C7B-B8E6-EEDD-B6B0-A30A514FF0EF}.Release|Any CPU.Build.0 = Release|Any CPU
		{1D3D09C9-A6D2-C84E-C398-F93DCA83B97A}.Debug|Any CPU.ActiveCfg = Debug|Any CPU
		{1D3D09C9-A6D2-C84E-C398-F93DCA83B97A}.Debug|Any CPU.Build.0 = Debug|Any CPU
		{1D3D09C9-A6D2-C84E-C398-F93DCA83B97A}.Release|Any CPU.ActiveCfg = Release|Any CPU
		{1D3D09C9-A6D2-C84E-C398-F93DCA83B97A}.Release|Any CPU.Build.0 = Release|Any CPU
		{45E65C7A-A70C-DFEE-512D-D506FE49ADA9}.Debug|Any CPU.ActiveCfg = Debug|Any CPU
		{45E65C7A-A70C-DFEE-512D-D506FE49ADA9}.Debug|Any CPU.Build.0 = Debug|Any CPU
		{45E65C7A-A70C-DFEE-512D-D506FE49ADA9}.Release|Any CPU.ActiveCfg = Release|Any CPU
		{45E65C7A-A70C-DFEE-512D-D506FE49ADA9}.Release|Any CPU.Build.0 = Release|Any CPU
		{45BA1316-A93A-FBC1-ECB5-4A001EAD4364}.Debug|Any CPU.ActiveCfg = Debug|Any CPU
		{45BA1316-A93A-FBC1-ECB5-4A001EAD4364}.Debug|Any CPU.Build.0 = Debug|Any CPU
		{45BA1316-A93A-FBC1-ECB5-4A001EAD4364}.Release|Any CPU.ActiveCfg = Release|Any CPU
		{45BA1316-A93A-FBC1-ECB5-4A001EAD4364}.Release|Any CPU.Build.0 = Release|Any CPU
		{A4DFE7E4-2BC7-BE32-87DC-CDE3A2AEEDDC}.Debug|Any CPU.ActiveCfg = Debug|Any CPU
		{A4DFE7E4-2BC7-BE32-87DC-CDE3A2AEEDDC}.Debug|Any CPU.Build.0 = Debug|Any CPU
		{A4DFE7E4-2BC7-BE32-87DC-CDE3A2AEEDDC}.Release|Any CPU.ActiveCfg = Release|Any CPU
		{A4DFE7E4-2BC7-BE32-87DC-CDE3A2AEEDDC}.Release|Any CPU.Build.0 = Release|Any CPU
		{97E37C4A-0B4E-BBD4-FA30-90FAA9442C91}.Debug|Any CPU.ActiveCfg = Debug|Any CPU
		{97E37C4A-0B4E-BBD4-FA30-90FAA9442C91}.Debug|Any CPU.Build.0 = Debug|Any CPU
		{97E37C4A-0B4E-BBD4-FA30-90FAA9442C91}.Release|Any CPU.ActiveCfg = Release|Any CPU
		{97E37C4A-0B4E-BBD4-FA30-90FAA9442C91}.Release|Any CPU.Build.0 = Release|Any CPU
		{60B08630-9339-B925-917C-322ABEF2C3E8}.Debug|Any CPU.ActiveCfg = Debug|Any CPU
		{60B08630-9339-B925-917C-322ABEF2C3E8}.Debug|Any CPU.Build.0 = Debug|Any CPU
		{60B08630-9339-B925-917C-322ABEF2C3E8}.Release|Any CPU.ActiveCfg = Release|Any CPU
		{60B08630-9339-B925-917C-322ABEF2C3E8}.Release|Any CPU.Build.0 = Release|Any CPU
		{6ED10325-4359-B7C1-91FE-4C239D344FC7}.Debug|Any CPU.ActiveCfg = Debug|Any CPU
		{6ED10325-4359-B7C1-91FE-4C239D344FC7}.Debug|Any CPU.Build.0 = Debug|Any CPU
		{6ED10325-4359-B7C1-91FE-4C239D344FC7}.Release|Any CPU.ActiveCfg = Release|Any CPU
		{6ED10325-4359-B7C1-91FE-4C239D344FC7}.Release|Any CPU.Build.0 = Release|Any CPU
		{4F4D9A50-11AF-1698-EDE7-946488553D14}.Debug|Any CPU.ActiveCfg = Debug|Any CPU
		{4F4D9A50-11AF-1698-EDE7-946488553D14}.Debug|Any CPU.Build.0 = Debug|Any CPU
		{4F4D9A50-11AF-1698-EDE7-946488553D14}.Release|Any CPU.ActiveCfg = Release|Any CPU
		{4F4D9A50-11AF-1698-EDE7-946488553D14}.Release|Any CPU.Build.0 = Release|Any CPU
		{043F3835-110E-2A1C-297E-4CFFEB4FAA5F}.Debug|Any CPU.ActiveCfg = Debug|Any CPU
		{043F3835-110E-2A1C-297E-4CFFEB4FAA5F}.Debug|Any CPU.Build.0 = Debug|Any CPU
		{043F3835-110E-2A1C-297E-4CFFEB4FAA5F}.Release|Any CPU.ActiveCfg = Release|Any CPU
		{043F3835-110E-2A1C-297E-4CFFEB4FAA5F}.Release|Any CPU.Build.0 = Release|Any CPU
		{FF754562-D271-593D-92E9-86E6ADDC2D34}.Debug|Any CPU.ActiveCfg = Debug|Any CPU
		{FF754562-D271-593D-92E9-86E6ADDC2D34}.Debug|Any CPU.Build.0 = Debug|Any CPU
		{FF754562-D271-593D-92E9-86E6ADDC2D34}.Release|Any CPU.ActiveCfg = Release|Any CPU
		{FF754562-D271-593D-92E9-86E6ADDC2D34}.Release|Any CPU.Build.0 = Release|Any CPU
		{6D01BCCD-BCA4-E656-DF84-EC862FAFD0BE}.Debug|Any CPU.ActiveCfg = Debug|Any CPU
		{6D01BCCD-BCA4-E656-DF84-EC862FAFD0BE}.Debug|Any CPU.Build.0 = Debug|Any CPU
		{6D01BCCD-BCA4-E656-DF84-EC862FAFD0BE}.Release|Any CPU.ActiveCfg = Release|Any CPU
		{6D01BCCD-BCA4-E656-DF84-EC862FAFD0BE}.Release|Any CPU.Build.0 = Release|Any CPU
		{0DB46C12-1C45-C0DC-849F-DC40F3CD19BC}.Debug|Any CPU.ActiveCfg = Debug|Any CPU
		{0DB46C12-1C45-C0DC-849F-DC40F3CD19BC}.Debug|Any CPU.Build.0 = Debug|Any CPU
		{0DB46C12-1C45-C0DC-849F-DC40F3CD19BC}.Release|Any CPU.ActiveCfg = Release|Any CPU
		{0DB46C12-1C45-C0DC-849F-DC40F3CD19BC}.Release|Any CPU.Build.0 = Release|Any CPU
		{D92EE3D9-0A7E-100D-5F28-224F5D3F1C32}.Debug|Any CPU.ActiveCfg = Debug|Any CPU
		{D92EE3D9-0A7E-100D-5F28-224F5D3F1C32}.Debug|Any CPU.Build.0 = Debug|Any CPU
		{D92EE3D9-0A7E-100D-5F28-224F5D3F1C32}.Release|Any CPU.ActiveCfg = Release|Any CPU
		{D92EE3D9-0A7E-100D-5F28-224F5D3F1C32}.Release|Any CPU.Build.0 = Release|Any CPU
		{C5BF24C9-33A8-56E3-1C66-74267DF26D07}.Debug|Any CPU.ActiveCfg = Debug|Any CPU
		{C5BF24C9-33A8-56E3-1C66-74267DF26D07}.Debug|Any CPU.Build.0 = Debug|Any CPU
		{C5BF24C9-33A8-56E3-1C66-74267DF26D07}.Release|Any CPU.ActiveCfg = Release|Any CPU
		{C5BF24C9-33A8-56E3-1C66-74267DF26D07}.Release|Any CPU.Build.0 = Release|Any CPU
		{312CEB1F-F164-AF3B-0094-A25184415C8C}.Debug|Any CPU.ActiveCfg = Debug|Any CPU
		{312CEB1F-F164-AF3B-0094-A25184415C8C}.Debug|Any CPU.Build.0 = Debug|Any CPU
		{312CEB1F-F164-AF3B-0094-A25184415C8C}.Release|Any CPU.ActiveCfg = Release|Any CPU
		{312CEB1F-F164-AF3B-0094-A25184415C8C}.Release|Any CPU.Build.0 = Release|Any CPU
	EndGlobalSection
	GlobalSection(SolutionProperties) = preSolution
		HideSolutionNode = FALSE
	EndGlobalSection
EndGlobal
